
Microsoft Visual Studio Solution File, Format Version 12.00
# Visual Studio 15
VisualStudioVersion = 15.0.28307.329
MinimumVisualStudioVersion = 10.0.40219.1
Project("{F184B08F-C81C-45F6-A57F-5ABD9991F28F}") = "Load", ".\Load.vbproj", "{D30B2AED-9AF9-487E-ACFE-5F2155F8E5CA}"
EndProject
Global
	GlobalSection(SolutionConfigurationPlatforms) = preSolution
		Debug|Any CPU = Debug|Any CPU
		Release|Any CPU = Release|Any CPU
	EndGlobalSection
	GlobalSection(ProjectConfigurationPlatforms) = postSolution
		{D30B2AED-9AF9-487E-ACFE-5F2155F8E5CA}.Debug|Any CPU.ActiveCfg = Debug|Any CPU
		{D30B2AED-9AF9-487E-ACFE-5F2155F8E5CA}.Debug|Any CPU.Build.0 = Debug|Any CPU
		{D30B2AED-9AF9-487E-ACFE-5F2155F8E5CA}.Release|Any CPU.ActiveCfg = Release|Any CPU
		{D30B2AED-9AF9-487E-ACFE-5F2155F8E5CA}.Release|Any CPU.Build.0 = Release|Any CPU
	EndGlobalSection
	GlobalSection(SolutionProperties) = preSolution
		HideSolutionNode = FALSE
	EndGlobalSection
	GlobalSection(ExtensibilityGlobals) = postSolution
		SolutionGuid = {7B025C83-8EFD-490B-95AA-B50297DB1C8A}
	EndGlobalSection
EndGlobal
